
Microsoft Visual Studio Solution File, Format Version 12.00
# Visual Studio Version 17
VisualStudioVersion = 17.7.34031.279
MinimumVisualStudioVersion = 10.0.40219.1
Project("{2150E333-8FDC-42A3-9474-1A3956D46DE8}") = "DAL", "DAL", "{9E7D97CC-D302-486D-8883-2D6D37E6D9B2}"
EndProject
Project("{2150E333-8FDC-42A3-9474-1A3956D46DE8}") = "Microservises", "Microservises", "{02F04551-4808-4C6E-A1D6-FDA3D268199E}"
EndProject
Project("{2150E333-8FDC-42A3-9474-1A3956D46DE8}") = "Services", "Services", "{F813D68C-41EA-491A-955D-9927BEEE8CF1}"
EndProject
Project("{2150E333-8FDC-42A3-9474-1A3956D46DE8}") = "Domain", "Domain", "{D38B7C28-7E8E-405A-8305-9E2A459B05E0}"
EndProject
Project("{9A19103F-16F7-4668-BE54-9A1E7A4F7556}") = "Registration", "Registr\Registration.csproj", "{2D2F7CD4-6ADB-48CB-9B04-4E9261266AAA}"
EndProject
Project("{9A19103F-16F7-4668-BE54-9A1E7A4F7556}") = "Courses", "Courses\Courses.csproj", "{E78D9D47-1FF3-4D3A-B378-C374D33FA977}"
EndProject
Project("{9A19103F-16F7-4668-BE54-9A1E7A4F7556}") = "Chat", "Chat\Chat.csproj", "{A8C11A7A-3BBA-4C6A-B671-13217E21C247}"
EndProject
Project("{9A19103F-16F7-4668-BE54-9A1E7A4F7556}") = "Site.Backend.DAL", "Site.Backend.DAL\Site.Backend.DAL.csproj", "{9DC9E4F7-B0F3-4091-AE0A-06E33E6CD3A0}"
EndProject
Project("{9A19103F-16F7-4668-BE54-9A1E7A4F7556}") = "Site.Domain", "Site.Domain\Site.Domain.csproj", "{E3B9541E-7253-422E-9E6E-3545A16BBF24}"
EndProject
Project("{9A19103F-16F7-4668-BE54-9A1E7A4F7556}") = "Users", "Users\Users.csproj", "{29597100-1C51-4665-B022-D5108CE82DF9}"
EndProject
Project("{9A19103F-16F7-4668-BE54-9A1E7A4F7556}") = "Site.Servises", "Site.Servises\Site.Servises.csproj", "{27DDBC5E-0846-4927-B5B3-5C37D4F8D7AA}"
EndProject
Global
	GlobalSection(SolutionConfigurationPlatforms) = preSolution
		Debug|Any CPU = Debug|Any CPU
		Release|Any CPU = Release|Any CPU
	EndGlobalSection
	GlobalSection(ProjectConfigurationPlatforms) = postSolution
		{2D2F7CD4-6ADB-48CB-9B04-4E9261266AAA}.Debug|Any CPU.ActiveCfg = Debug|Any CPU
		{2D2F7CD4-6ADB-48CB-9B04-4E9261266AAA}.Debug|Any CPU.Build.0 = Debug|Any CPU
		{2D2F7CD4-6ADB-48CB-9B04-4E9261266AAA}.Release|Any CPU.ActiveCfg = Release|Any CPU
		{2D2F7CD4-6ADB-48CB-9B04-4E9261266AAA}.Release|Any CPU.Build.0 = Release|Any CPU
		{E78D9D47-1FF3-4D3A-B378-C374D33FA977}.Debug|Any CPU.ActiveCfg = Debug|Any CPU
		{E78D9D47-1FF3-4D3A-B378-C374D33FA977}.Debug|Any CPU.Build.0 = Debug|Any CPU
		{E78D9D47-1FF3-4D3A-B378-C374D33FA977}.Release|Any CPU.ActiveCfg = Release|Any CPU
		{E78D9D47-1FF3-4D3A-B378-C374D33FA977}.Release|Any CPU.Build.0 = Release|Any CPU
		{A8C11A7A-3BBA-4C6A-B671-13217E21C247}.Debug|Any CPU.ActiveCfg = Debug|Any CPU
		{A8C11A7A-3BBA-4C6A-B671-13217E21C247}.Debug|Any CPU.Build.0 = Debug|Any CPU
		{A8C11A7A-3BBA-4C6A-B671-13217E21C247}.Release|Any CPU.ActiveCfg = Release|Any CPU
		{A8C11A7A-3BBA-4C6A-B671-13217E21C247}.Release|Any CPU.Build.0 = Release|Any CPU
		{9DC9E4F7-B0F3-4091-AE0A-06E33E6CD3A0}.Debug|Any CPU.ActiveCfg = Debug|Any CPU
		{9DC9E4F7-B0F3-4091-AE0A-06E33E6CD3A0}.Debug|Any CPU.Build.0 = Debug|Any CPU
		{9DC9E4F7-B0F3-4091-AE0A-06E33E6CD3A0}.Release|Any CPU.ActiveCfg = Release|Any CPU
		{9DC9E4F7-B0F3-4091-AE0A-06E33E6CD3A0}.Release|Any CPU.Build.0 = Release|Any CPU
		{E3B9541E-7253-422E-9E6E-3545A16BBF24}.Debug|Any CPU.ActiveCfg = Debug|Any CPU
		{E3B9541E-7253-422E-9E6E-3545A16BBF24}.Debug|Any CPU.Build.0 = Debug|Any CPU
		{E3B9541E-7253-422E-9E6E-3545A16BBF24}.Release|Any CPU.ActiveCfg = Release|Any CPU
		{E3B9541E-7253-422E-9E6E-3545A16BBF24}.Release|Any CPU.Build.0 = Release|Any CPU
		{29597100-1C51-4665-B022-D5108CE82DF9}.Debug|Any CPU.ActiveCfg = Debug|Any CPU
		{29597100-1C51-4665-B022-D5108CE82DF9}.Debug|Any CPU.Build.0 = Debug|Any CPU
		{29597100-1C51-4665-B022-D5108CE82DF9}.Release|Any CPU.ActiveCfg = Release|Any CPU
		{29597100-1C51-4665-B022-D5108CE82DF9}.Release|Any CPU.Build.0 = Release|Any CPU
		{27DDBC5E-0846-4927-B5B3-5C37D4F8D7AA}.Debug|Any CPU.ActiveCfg = Debug|Any CPU
		{27DDBC5E-0846-4927-B5B3-5C37D4F8D7AA}.Debug|Any CPU.Build.0 = Debug|Any CPU
		{27DDBC5E-0846-4927-B5B3-5C37D4F8D7AA}.Release|Any CPU.ActiveCfg = Release|Any CPU
		{27DDBC5E-0846-4927-B5B3-5C37D4F8D7AA}.Release|Any CPU.Build.0 = Release|Any CPU
	EndGlobalSection
	GlobalSection(SolutionProperties) = preSolution
		HideSolutionNode = FALSE
	EndGlobalSection
	GlobalSection(NestedProjects) = preSolution
		{2D2F7CD4-6ADB-48CB-9B04-4E9261266AAA} = {02F04551-4808-4C6E-A1D6-FDA3D268199E}
		{E78D9D47-1FF3-4D3A-B378-C374D33FA977} = {02F04551-4808-4C6E-A1D6-FDA3D268199E}
		{A8C11A7A-3BBA-4C6A-B671-13217E21C247} = {02F04551-4808-4C6E-A1D6-FDA3D268199E}
		{9DC9E4F7-B0F3-4091-AE0A-06E33E6CD3A0} = {9E7D97CC-D302-486D-8883-2D6D37E6D9B2}
		{E3B9541E-7253-422E-9E6E-3545A16BBF24} = {D38B7C28-7E8E-405A-8305-9E2A459B05E0}
		{29597100-1C51-4665-B022-D5108CE82DF9} = {02F04551-4808-4C6E-A1D6-FDA3D268199E}
		{27DDBC5E-0846-4927-B5B3-5C37D4F8D7AA} = {F813D68C-41EA-491A-955D-9927BEEE8CF1}
	EndGlobalSection
	GlobalSection(ExtensibilityGlobals) = postSolution
		SolutionGuid = {D8E2CEDE-2F74-4BCB-8ACE-DB45546F54AD}
	EndGlobalSection
EndGlobal
